
Microsoft Visual Studio Solution File, Format Version 12.00
# Visual Studio Version 17
VisualStudioVersion = 17.10.35027.167
MinimumVisualStudioVersion = 10.0.40219.1
Project("{FAE04EC0-301F-11D3-BF4B-00C04F79EFBC}") = "ConversaoMoedas", "ConversaoMoedas.csproj", "{AF092E08-0157-407C-A253-2D79B1B5832B}"
EndProject
Global
	GlobalSection(SolutionConfigurationPlatforms) = preSolution
		Debug|Any CPU = Debug|Any CPU
		Release|Any CPU = Release|Any CPU
	EndGlobalSection
	GlobalSection(ProjectConfigurationPlatforms) = postSolution
		{AF092E08-0157-407C-A253-2D79B1B5832B}.Debug|Any CPU.ActiveCfg = Debug|Any CPU
		{AF092E08-0157-407C-A253-2D79B1B5832B}.Debug|Any CPU.Build.0 = Debug|Any CPU
		{AF092E08-0157-407C-A253-2D79B1B5832B}.Debug|Any CPU.Deploy.0 = Debug|Any CPU
		{AF092E08-0157-407C-A253-2D79B1B5832B}.Release|Any CPU.ActiveCfg = Release|Any CPU
		{AF092E08-0157-407C-A253-2D79B1B5832B}.Release|Any CPU.Build.0 = Release|Any CPU
		{AF092E08-0157-407C-A253-2D79B1B5832B}.Release|Any CPU.Deploy.0 = Release|Any CPU
	EndGlobalSection
	GlobalSection(SolutionProperties) = preSolution
		HideSolutionNode = FALSE
	EndGlobalSection
	GlobalSection(ExtensibilityGlobals) = postSolution
		SolutionGuid = {06CF6E58-D73F-49CD-A0EC-E2159EEF742E}
	EndGlobalSection
EndGlobal
